
Microsoft Visual Studio Solution File, Format Version 12.00
# Visual Studio 2013
VisualStudioVersion = 12.0.30723.0
MinimumVisualStudioVersion = 10.0.40219.1
Project("{FAE04EC0-301F-11D3-BF4B-00C04F79EFBC}") = "Shared.PipelineComponents.PromoteDbQueryResult.ValueExists", "ValueExists\Shared.PipelineComponents.PromoteDbQueryResult.ValueExists.csproj", "{BCD1A227-3FE3-46D0-BA93-01B9F74D2882}"
EndProject
Project("{FAE04EC0-301F-11D3-BF4B-00C04F79EFBC}") = "Shared.PipelineComponents.PromoteDbQueryResult.GetValue", "GetValue\Shared.PipelineComponents.PromoteDbQueryResult.GetValue.csproj", "{47C955A7-E6D6-43D9-8391-D7194A687970}"
EndProject
Project("{FAE04EC0-301F-11D3-BF4B-00C04F79EFBC}") = "Shared.PipelineComponents.PromoteDbQueryResult.Utils", "Utils\Shared.PipelineComponents.PromoteDbQueryResult.Utils.csproj", "{DD3EE258-B061-4877-81F8-DF0A61F1E953}"
EndProject
Project("{FAE04EC0-301F-11D3-BF4B-00C04F79EFBC}") = "Shared.PipelineComponents.PromoteDbQueryResult.Tests", "Tests\Shared.PipelineComponents.PromoteDbQueryResult.Tests.csproj", "{35C084C8-3406-4C70-8F63-3B9966D8A6EE}"
EndProject
Global
	GlobalSection(SolutionConfigurationPlatforms) = preSolution
		Debug|Any CPU = Debug|Any CPU
		Release|Any CPU = Release|Any CPU
	EndGlobalSection
	GlobalSection(ProjectConfigurationPlatforms) = postSolution
		{BCD1A227-3FE3-46D0-BA93-01B9F74D2882}.Debug|Any CPU.ActiveCfg = Debug|Any CPU
		{BCD1A227-3FE3-46D0-BA93-01B9F74D2882}.Debug|Any CPU.Build.0 = Debug|Any CPU
		{BCD1A227-3FE3-46D0-BA93-01B9F74D2882}.Release|Any CPU.ActiveCfg = Release|Any CPU
		{BCD1A227-3FE3-46D0-BA93-01B9F74D2882}.Release|Any CPU.Build.0 = Release|Any CPU
		{47C955A7-E6D6-43D9-8391-D7194A687970}.Debug|Any CPU.ActiveCfg = Debug|Any CPU
		{47C955A7-E6D6-43D9-8391-D7194A687970}.Debug|Any CPU.Build.0 = Debug|Any CPU
		{47C955A7-E6D6-43D9-8391-D7194A687970}.Release|Any CPU.ActiveCfg = Release|Any CPU
		{47C955A7-E6D6-43D9-8391-D7194A687970}.Release|Any CPU.Build.0 = Release|Any CPU
		{DD3EE258-B061-4877-81F8-DF0A61F1E953}.Debug|Any CPU.ActiveCfg = Debug|Any CPU
		{DD3EE258-B061-4877-81F8-DF0A61F1E953}.Debug|Any CPU.Build.0 = Debug|Any CPU
		{DD3EE258-B061-4877-81F8-DF0A61F1E953}.Release|Any CPU.ActiveCfg = Release|Any CPU
		{DD3EE258-B061-4877-81F8-DF0A61F1E953}.Release|Any CPU.Build.0 = Release|Any CPU
		{35C084C8-3406-4C70-8F63-3B9966D8A6EE}.Debug|Any CPU.ActiveCfg = Debug|Any CPU
		{35C084C8-3406-4C70-8F63-3B9966D8A6EE}.Debug|Any CPU.Build.0 = Debug|Any CPU
		{35C084C8-3406-4C70-8F63-3B9966D8A6EE}.Release|Any CPU.ActiveCfg = Release|Any CPU
		{35C084C8-3406-4C70-8F63-3B9966D8A6EE}.Release|Any CPU.Build.0 = Release|Any CPU
	EndGlobalSection
	GlobalSection(SolutionProperties) = preSolution
		HideSolutionNode = FALSE
	EndGlobalSection
EndGlobal
